
Microsoft Visual Studio Solution File, Format Version 12.00
Project("{FAE04EC0-301F-11D3-BF4B-00C04F79EFBC}") = "Puzzle1", "Puzzle1\Puzzle1.csproj", "{BE06515C-6653-48AB-8711-F621CE159A2C}"
EndProject
Project("{FAE04EC0-301F-11D3-BF4B-00C04F79EFBC}") = "Puzzle2", "Puzzle2\Puzzle2.csproj", "{5289E25C-6A6C-4DBA-8667-E6CAD452518B}"
EndProject
Project("{FAE04EC0-301F-11D3-BF4B-00C04F79EFBC}") = "Puzzle3", "Puzzle3\Puzzle3.csproj", "{27BDBF01-C5AC-4691-AF0E-E056177C10A5}"
EndProject
Project("{FAE04EC0-301F-11D3-BF4B-00C04F79EFBC}") = "Puzzle4", "Puzzle4\Puzzle4.csproj", "{BDFBAD6E-76BA-41AF-A480-22156625D0B1}"
EndProject
Project("{FAE04EC0-301F-11D3-BF4B-00C04F79EFBC}") = "Puzzle5", "Puzzle5\Puzzle5.csproj", "{E8F23179-CF46-4FD1-B016-3E23B30B4C2A}"
EndProject
Project("{FAE04EC0-301F-11D3-BF4B-00C04F79EFBC}") = "Puzzle6", "Puzzle6\Puzzle6.csproj", "{BD870F38-0A7C-45C1-AEBA-0E492F121720}"
EndProject
Project("{FAE04EC0-301F-11D3-BF4B-00C04F79EFBC}") = "Puzzle7", "Puzzle7\Puzzle7.csproj", "{3E051652-8413-4C2B-A18C-F303189CD39F}"
EndProject
Project("{FAE04EC0-301F-11D3-BF4B-00C04F79EFBC}") = "Puzzle8", "Puzzle8\Puzzle8.csproj", "{4DACEB06-0359-47D0-A3B6-FD3E924FBFA8}"
EndProject
Project("{FAE04EC0-301F-11D3-BF4B-00C04F79EFBC}") = "Puzzle9", "Puzzle9\Puzzle9.csproj", "{715D69A1-EA98-4CA5-BAB5-8B57B45836F3}"
EndProject
Project("{FAE04EC0-301F-11D3-BF4B-00C04F79EFBC}") = "Puzzle10", "Puzzle10\Puzzle10.csproj", "{5020C8A0-5959-4D5F-A5D1-17C77B5A99B2}"
EndProject
Project("{FAE04EC0-301F-11D3-BF4B-00C04F79EFBC}") = "Puzzle10Alternate1", "Puzzle10Alternate1\Puzzle10Alternate1.csproj", "{C9D997D9-2EAA-44FD-BC28-11ECCEE1EBDF}"
EndProject
Project("{FAE04EC0-301F-11D3-BF4B-00C04F79EFBC}") = "Puzzle11", "Puzzle11\Puzzle11.csproj", "{E86C84D3-3E13-4AD6-AC10-53DAAAEBFE17}"
EndProject
Project("{FAE04EC0-301F-11D3-BF4B-00C04F79EFBC}") = "Puzzle12", "Puzzle12\Puzzle12.csproj", "{9F955C52-060B-4E70-B591-4DD55CE73B74}"
EndProject
Project("{FAE04EC0-301F-11D3-BF4B-00C04F79EFBC}") = "Puzzle13", "Puzzle13\Puzzle13.csproj", "{E9BB5456-2509-461C-9786-557CE1F3C99C}"
EndProject
Project("{FAE04EC0-301F-11D3-BF4B-00C04F79EFBC}") = "Puzzle14", "Puzzle14\Puzzle14.csproj", "{D4982328-192C-4451-80C7-2413ADB5CA8A}"
EndProject
Project("{FAE04EC0-301F-11D3-BF4B-00C04F79EFBC}") = "Puzzle15", "Puzzle15\Puzzle15.csproj", "{AF46DEFF-8332-493E-80F8-4242C03161AE}"
EndProject
Project("{FAE04EC0-301F-11D3-BF4B-00C04F79EFBC}") = "Puzzle16", "Puzzle16\Puzzle16.csproj", "{63938B51-63F9-45ED-A07B-7A65D340E5AD}"
EndProject
Project("{FAE04EC0-301F-11D3-BF4B-00C04F79EFBC}") = "Puzzle17", "Puzzle17\Puzzle17.csproj", "{164596E6-B306-4076-93D8-BE1712AAB61F}"
EndProject
Project("{FAE04EC0-301F-11D3-BF4B-00C04F79EFBC}") = "Puzzle18", "Puzzle18\Puzzle18.csproj", "{2A12AD90-C2A5-4CEC-8079-2891F9B2BF28}"
EndProject
Project("{FAE04EC0-301F-11D3-BF4B-00C04F79EFBC}") = "Puzzle19", "Puzzle19\Puzzle19.csproj", "{2F93BD52-F47C-4193-8A85-4A182A55DBC1}"
EndProject
Project("{FAE04EC0-301F-11D3-BF4B-00C04F79EFBC}") = "Puzzle20", "Puzzle20\Puzzle20.csproj", "{2F61AE6D-1A89-4B80-B4E1-70537167EAA9}"
EndProject
Project("{FAE04EC0-301F-11D3-BF4B-00C04F79EFBC}") = "Puzzle21", "Puzzle21\Puzzle21.csproj", "{37FAFA74-842D-497C-8779-68317B833128}"
EndProject
Project("{FAE04EC0-301F-11D3-BF4B-00C04F79EFBC}") = "Puzzle22", "Puzzle22\Puzzle22.csproj", "{1807FF19-2443-4358-9826-E9A138C394D2}"
EndProject
Global
	GlobalSection(SolutionConfigurationPlatforms) = preSolution
		Debug|Any CPU = Debug|Any CPU
		Release|Any CPU = Release|Any CPU
	EndGlobalSection
	GlobalSection(ProjectConfigurationPlatforms) = postSolution
		{BE06515C-6653-48AB-8711-F621CE159A2C}.Debug|Any CPU.ActiveCfg = Debug|Any CPU
		{BE06515C-6653-48AB-8711-F621CE159A2C}.Debug|Any CPU.Build.0 = Debug|Any CPU
		{BE06515C-6653-48AB-8711-F621CE159A2C}.Release|Any CPU.ActiveCfg = Release|Any CPU
		{BE06515C-6653-48AB-8711-F621CE159A2C}.Release|Any CPU.Build.0 = Release|Any CPU
		{5289E25C-6A6C-4DBA-8667-E6CAD452518B}.Debug|Any CPU.ActiveCfg = Debug|Any CPU
		{5289E25C-6A6C-4DBA-8667-E6CAD452518B}.Debug|Any CPU.Build.0 = Debug|Any CPU
		{5289E25C-6A6C-4DBA-8667-E6CAD452518B}.Release|Any CPU.ActiveCfg = Release|Any CPU
		{5289E25C-6A6C-4DBA-8667-E6CAD452518B}.Release|Any CPU.Build.0 = Release|Any CPU
		{27BDBF01-C5AC-4691-AF0E-E056177C10A5}.Debug|Any CPU.ActiveCfg = Debug|Any CPU
		{27BDBF01-C5AC-4691-AF0E-E056177C10A5}.Debug|Any CPU.Build.0 = Debug|Any CPU
		{27BDBF01-C5AC-4691-AF0E-E056177C10A5}.Release|Any CPU.ActiveCfg = Release|Any CPU
		{27BDBF01-C5AC-4691-AF0E-E056177C10A5}.Release|Any CPU.Build.0 = Release|Any CPU
		{BDFBAD6E-76BA-41AF-A480-22156625D0B1}.Debug|Any CPU.ActiveCfg = Debug|Any CPU
		{BDFBAD6E-76BA-41AF-A480-22156625D0B1}.Debug|Any CPU.Build.0 = Debug|Any CPU
		{BDFBAD6E-76BA-41AF-A480-22156625D0B1}.Release|Any CPU.ActiveCfg = Release|Any CPU
		{BDFBAD6E-76BA-41AF-A480-22156625D0B1}.Release|Any CPU.Build.0 = Release|Any CPU
		{E8F23179-CF46-4FD1-B016-3E23B30B4C2A}.Debug|Any CPU.ActiveCfg = Debug|Any CPU
		{E8F23179-CF46-4FD1-B016-3E23B30B4C2A}.Debug|Any CPU.Build.0 = Debug|Any CPU
		{E8F23179-CF46-4FD1-B016-3E23B30B4C2A}.Release|Any CPU.ActiveCfg = Release|Any CPU
		{E8F23179-CF46-4FD1-B016-3E23B30B4C2A}.Release|Any CPU.Build.0 = Release|Any CPU
		{BD870F38-0A7C-45C1-AEBA-0E492F121720}.Debug|Any CPU.ActiveCfg = Debug|Any CPU
		{BD870F38-0A7C-45C1-AEBA-0E492F121720}.Debug|Any CPU.Build.0 = Debug|Any CPU
		{BD870F38-0A7C-45C1-AEBA-0E492F121720}.Release|Any CPU.ActiveCfg = Release|Any CPU
		{BD870F38-0A7C-45C1-AEBA-0E492F121720}.Release|Any CPU.Build.0 = Release|Any CPU
		{3E051652-8413-4C2B-A18C-F303189CD39F}.Debug|Any CPU.ActiveCfg = Debug|Any CPU
		{3E051652-8413-4C2B-A18C-F303189CD39F}.Debug|Any CPU.Build.0 = Debug|Any CPU
		{3E051652-8413-4C2B-A18C-F303189CD39F}.Release|Any CPU.ActiveCfg = Release|Any CPU
		{3E051652-8413-4C2B-A18C-F303189CD39F}.Release|Any CPU.Build.0 = Release|Any CPU
		{4DACEB06-0359-47D0-A3B6-FD3E924FBFA8}.Debug|Any CPU.ActiveCfg = Debug|Any CPU
		{4DACEB06-0359-47D0-A3B6-FD3E924FBFA8}.Debug|Any CPU.Build.0 = Debug|Any CPU
		{4DACEB06-0359-47D0-A3B6-FD3E924FBFA8}.Release|Any CPU.ActiveCfg = Release|Any CPU
		{4DACEB06-0359-47D0-A3B6-FD3E924FBFA8}.Release|Any CPU.Build.0 = Release|Any CPU
		{715D69A1-EA98-4CA5-BAB5-8B57B45836F3}.Debug|Any CPU.ActiveCfg = Debug|Any CPU
		{715D69A1-EA98-4CA5-BAB5-8B57B45836F3}.Debug|Any CPU.Build.0 = Debug|Any CPU
		{715D69A1-EA98-4CA5-BAB5-8B57B45836F3}.Release|Any CPU.ActiveCfg = Release|Any CPU
		{715D69A1-EA98-4CA5-BAB5-8B57B45836F3}.Release|Any CPU.Build.0 = Release|Any CPU
		{5020C8A0-5959-4D5F-A5D1-17C77B5A99B2}.Debug|Any CPU.ActiveCfg = Debug|Any CPU
		{5020C8A0-5959-4D5F-A5D1-17C77B5A99B2}.Debug|Any CPU.Build.0 = Debug|Any CPU
		{5020C8A0-5959-4D5F-A5D1-17C77B5A99B2}.Release|Any CPU.ActiveCfg = Release|Any CPU
		{5020C8A0-5959-4D5F-A5D1-17C77B5A99B2}.Release|Any CPU.Build.0 = Release|Any CPU
		{C9D997D9-2EAA-44FD-BC28-11ECCEE1EBDF}.Debug|Any CPU.ActiveCfg = Debug|Any CPU
		{C9D997D9-2EAA-44FD-BC28-11ECCEE1EBDF}.Debug|Any CPU.Build.0 = Debug|Any CPU
		{C9D997D9-2EAA-44FD-BC28-11ECCEE1EBDF}.Release|Any CPU.ActiveCfg = Release|Any CPU
		{C9D997D9-2EAA-44FD-BC28-11ECCEE1EBDF}.Release|Any CPU.Build.0 = Release|Any CPU
		{E86C84D3-3E13-4AD6-AC10-53DAAAEBFE17}.Debug|Any CPU.ActiveCfg = Debug|Any CPU
		{E86C84D3-3E13-4AD6-AC10-53DAAAEBFE17}.Debug|Any CPU.Build.0 = Debug|Any CPU
		{E86C84D3-3E13-4AD6-AC10-53DAAAEBFE17}.Release|Any CPU.ActiveCfg = Release|Any CPU
		{E86C84D3-3E13-4AD6-AC10-53DAAAEBFE17}.Release|Any CPU.Build.0 = Release|Any CPU
		{9F955C52-060B-4E70-B591-4DD55CE73B74}.Debug|Any CPU.ActiveCfg = Debug|Any CPU
		{9F955C52-060B-4E70-B591-4DD55CE73B74}.Debug|Any CPU.Build.0 = Debug|Any CPU
		{9F955C52-060B-4E70-B591-4DD55CE73B74}.Release|Any CPU.ActiveCfg = Release|Any CPU
		{9F955C52-060B-4E70-B591-4DD55CE73B74}.Release|Any CPU.Build.0 = Release|Any CPU
		{E9BB5456-2509-461C-9786-557CE1F3C99C}.Debug|Any CPU.ActiveCfg = Debug|Any CPU
		{E9BB5456-2509-461C-9786-557CE1F3C99C}.Debug|Any CPU.Build.0 = Debug|Any CPU
		{E9BB5456-2509-461C-9786-557CE1F3C99C}.Release|Any CPU.ActiveCfg = Release|Any CPU
		{E9BB5456-2509-461C-9786-557CE1F3C99C}.Release|Any CPU.Build.0 = Release|Any CPU
		{D4982328-192C-4451-80C7-2413ADB5CA8A}.Debug|Any CPU.ActiveCfg = Debug|Any CPU
		{D4982328-192C-4451-80C7-2413ADB5CA8A}.Debug|Any CPU.Build.0 = Debug|Any CPU
		{D4982328-192C-4451-80C7-2413ADB5CA8A}.Release|Any CPU.ActiveCfg = Release|Any CPU
		{D4982328-192C-4451-80C7-2413ADB5CA8A}.Release|Any CPU.Build.0 = Release|Any CPU
		{AF46DEFF-8332-493E-80F8-4242C03161AE}.Debug|Any CPU.ActiveCfg = Debug|Any CPU
		{AF46DEFF-8332-493E-80F8-4242C03161AE}.Debug|Any CPU.Build.0 = Debug|Any CPU
		{AF46DEFF-8332-493E-80F8-4242C03161AE}.Release|Any CPU.ActiveCfg = Release|Any CPU
		{AF46DEFF-8332-493E-80F8-4242C03161AE}.Release|Any CPU.Build.0 = Release|Any CPU
		{63938B51-63F9-45ED-A07B-7A65D340E5AD}.Debug|Any CPU.ActiveCfg = Debug|Any CPU
		{63938B51-63F9-45ED-A07B-7A65D340E5AD}.Debug|Any CPU.Build.0 = Debug|Any CPU
		{63938B51-63F9-45ED-A07B-7A65D340E5AD}.Release|Any CPU.ActiveCfg = Release|Any CPU
		{63938B51-63F9-45ED-A07B-7A65D340E5AD}.Release|Any CPU.Build.0 = Release|Any CPU
		{164596E6-B306-4076-93D8-BE1712AAB61F}.Debug|Any CPU.ActiveCfg = Debug|Any CPU
		{164596E6-B306-4076-93D8-BE1712AAB61F}.Debug|Any CPU.Build.0 = Debug|Any CPU
		{164596E6-B306-4076-93D8-BE1712AAB61F}.Release|Any CPU.ActiveCfg = Release|Any CPU
		{164596E6-B306-4076-93D8-BE1712AAB61F}.Release|Any CPU.Build.0 = Release|Any CPU
		{2A12AD90-C2A5-4CEC-8079-2891F9B2BF28}.Debug|Any CPU.ActiveCfg = Debug|Any CPU
		{2A12AD90-C2A5-4CEC-8079-2891F9B2BF28}.Debug|Any CPU.Build.0 = Debug|Any CPU
		{2A12AD90-C2A5-4CEC-8079-2891F9B2BF28}.Release|Any CPU.ActiveCfg = Release|Any CPU
		{2A12AD90-C2A5-4CEC-8079-2891F9B2BF28}.Release|Any CPU.Build.0 = Release|Any CPU
		{2F93BD52-F47C-4193-8A85-4A182A55DBC1}.Debug|Any CPU.ActiveCfg = Debug|Any CPU
		{2F93BD52-F47C-4193-8A85-4A182A55DBC1}.Debug|Any CPU.Build.0 = Debug|Any CPU
		{2F93BD52-F47C-4193-8A85-4A182A55DBC1}.Release|Any CPU.ActiveCfg = Release|Any CPU
		{2F93BD52-F47C-4193-8A85-4A182A55DBC1}.Release|Any CPU.Build.0 = Release|Any CPU
		{2F61AE6D-1A89-4B80-B4E1-70537167EAA9}.Debug|Any CPU.ActiveCfg = Debug|Any CPU
		{2F61AE6D-1A89-4B80-B4E1-70537167EAA9}.Debug|Any CPU.Build.0 = Debug|Any CPU
		{2F61AE6D-1A89-4B80-B4E1-70537167EAA9}.Release|Any CPU.ActiveCfg = Release|Any CPU
		{2F61AE6D-1A89-4B80-B4E1-70537167EAA9}.Release|Any CPU.Build.0 = Release|Any CPU
		{37FAFA74-842D-497C-8779-68317B833128}.Debug|Any CPU.ActiveCfg = Debug|Any CPU
		{37FAFA74-842D-497C-8779-68317B833128}.Debug|Any CPU.Build.0 = Debug|Any CPU
		{37FAFA74-842D-497C-8779-68317B833128}.Release|Any CPU.ActiveCfg = Release|Any CPU
		{37FAFA74-842D-497C-8779-68317B833128}.Release|Any CPU.Build.0 = Release|Any CPU
		{1807FF19-2443-4358-9826-E9A138C394D2}.Debug|Any CPU.ActiveCfg = Debug|Any CPU
		{1807FF19-2443-4358-9826-E9A138C394D2}.Debug|Any CPU.Build.0 = Debug|Any CPU
		{1807FF19-2443-4358-9826-E9A138C394D2}.Release|Any CPU.ActiveCfg = Release|Any CPU
		{1807FF19-2443-4358-9826-E9A138C394D2}.Release|Any CPU.Build.0 = Release|Any CPU
	EndGlobalSection
EndGlobal
